// !$*UTF8*$!
{
	archiveVersion = 1;
	classes = {
	};
	objectVersion = 46;
	objects = {

/* Begin PBXBuildFile section */
		5148AC9E5F26884BB211C435 /* Pods_Pair.framework in Frameworks */ = {isa = PBXBuildFile; fileRef = 35A1A98EFC0D23F0EC43FA47 /* Pods_Pair.framework */; };
		BA4AA9831E99DD1D001B1FDB /* JobsTableViewCell.swift in Sources */ = {isa = PBXBuildFile; fileRef = BA4AA9821E99DD1D001B1FDB /* JobsTableViewCell.swift */; };
		BA4AA9851E9AED55001B1FDB /* JobModel.swift in Sources */ = {isa = PBXBuildFile; fileRef = BA4AA9841E9AED55001B1FDB /* JobModel.swift */; };
		EE1445BF1E8B57BB000C9E51 /* ComposeViewController.swift in Sources */ = {isa = PBXBuildFile; fileRef = EE1445BE1E8B57BB000C9E51 /* ComposeViewController.swift */; };
		EE213E7F1E9837DC003999FC /* GoogleService-Info.plist in Resources */ = {isa = PBXBuildFile; fileRef = EE213E7E1E9837DC003999FC /* GoogleService-Info.plist */; };
		EE213E821E9AF155003999FC /* User.swift in Sources */ = {isa = PBXBuildFile; fileRef = EE213E811E9AF155003999FC /* User.swift */; };
		EE4EEBAD1E7614B50044FE39 /* AppDelegate.swift in Sources */ = {isa = PBXBuildFile; fileRef = EE4EEBAC1E7614B50044FE39 /* AppDelegate.swift */; };
		EE4EEBB21E7614B50044FE39 /* Main.storyboard in Resources */ = {isa = PBXBuildFile; fileRef = EE4EEBB01E7614B50044FE39 /* Main.storyboard */; };
		EE4EEBB41E7614B50044FE39 /* Assets.xcassets in Resources */ = {isa = PBXBuildFile; fileRef = EE4EEBB31E7614B50044FE39 /* Assets.xcassets */; };
		EE4EEBB71E7614B50044FE39 /* LaunchScreen.storyboard in Resources */ = {isa = PBXBuildFile; fileRef = EE4EEBB51E7614B50044FE39 /* LaunchScreen.storyboard */; };
		EEC34F811E9C763C00954927 /* logViewController.swift in Sources */ = {isa = PBXBuildFile; fileRef = EEC34F801E9C763C00954927 /* logViewController.swift */; };
		EEC34F831E9D67D500954927 /* offerViewController.swift in Sources */ = {isa = PBXBuildFile; fileRef = EEC34F821E9D67D500954927 /* offerViewController.swift */; };
		EEC34F851E9D67E400954927 /* postViewController.swift in Sources */ = {isa = PBXBuildFile; fileRef = EEC34F841E9D67E400954927 /* postViewController.swift */; };
		EEC34F871E9D787800954927 /* OfferTableViewCell.swift in Sources */ = {isa = PBXBuildFile; fileRef = EEC34F861E9D787800954927 /* OfferTableViewCell.swift */; };
		EEC34F891E9D7C4000954927 /* OfferModel.swift in Sources */ = {isa = PBXBuildFile; fileRef = EEC34F881E9D7C4000954927 /* OfferModel.swift */; };
/* End PBXBuildFile section */

/* Begin PBXFileReference section */
		35A1A98EFC0D23F0EC43FA47 /* Pods_Pair.framework */ = {isa = PBXFileReference; explicitFileType = wrapper.framework; includeInIndex = 0; path = Pods_Pair.framework; sourceTree = BUILT_PRODUCTS_DIR; };
		AB92A5F66FAA8D0B44DF9A32 /* Pods-Pair.debug.xcconfig */ = {isa = PBXFileReference; includeInIndex = 1; lastKnownFileType = text.xcconfig; name = "Pods-Pair.debug.xcconfig"; path = "Pods/Target Support Files/Pods-Pair/Pods-Pair.debug.xcconfig"; sourceTree = "<group>"; };
		BA4AA9821E99DD1D001B1FDB /* JobsTableViewCell.swift */ = {isa = PBXFileReference; fileEncoding = 4; lastKnownFileType = sourcecode.swift; path = JobsTableViewCell.swift; sourceTree = "<group>"; };
		BA4AA9841E9AED55001B1FDB /* JobModel.swift */ = {isa = PBXFileReference; fileEncoding = 4; lastKnownFileType = sourcecode.swift; path = JobModel.swift; sourceTree = "<group>"; };
		D0E93F1CA1F55F5228401C27 /* Pods-Pair.release.xcconfig */ = {isa = PBXFileReference; includeInIndex = 1; lastKnownFileType = text.xcconfig; name = "Pods-Pair.release.xcconfig"; path = "Pods/Target Support Files/Pods-Pair/Pods-Pair.release.xcconfig"; sourceTree = "<group>"; };
		EE1445BE1E8B57BB000C9E51 /* ComposeViewController.swift */ = {isa = PBXFileReference; fileEncoding = 4; lastKnownFileType = sourcecode.swift; path = ComposeViewController.swift; sourceTree = "<group>"; };
		EE213E7E1E9837DC003999FC /* GoogleService-Info.plist */ = {isa = PBXFileReference; fileEncoding = 4; lastKnownFileType = text.plist.xml; path = "GoogleService-Info.plist"; sourceTree = "<group>"; };
		EE213E811E9AF155003999FC /* User.swift */ = {isa = PBXFileReference; fileEncoding = 4; lastKnownFileType = sourcecode.swift; path = User.swift; sourceTree = "<group>"; };
		EE4EEBA91E7614B50044FE39 /* Pair.app */ = {isa = PBXFileReference; explicitFileType = wrapper.application; includeInIndex = 0; path = Pair.app; sourceTree = BUILT_PRODUCTS_DIR; };
		EE4EEBAC1E7614B50044FE39 /* AppDelegate.swift */ = {isa = PBXFileReference; lastKnownFileType = sourcecode.swift; path = AppDelegate.swift; sourceTree = "<group>"; };
		EE4EEBB11E7614B50044FE39 /* Base */ = {isa = PBXFileReference; lastKnownFileType = file.storyboard; name = Base; path = Base.lproj/Main.storyboard; sourceTree = "<group>"; };
		EE4EEBB31E7614B50044FE39 /* Assets.xcassets */ = {isa = PBXFileReference; lastKnownFileType = folder.assetcatalog; path = Assets.xcassets; sourceTree = "<group>"; };
		EE4EEBB61E7614B50044FE39 /* Base */ = {isa = PBXFileReference; lastKnownFileType = file.storyboard; name = Base; path = Base.lproj/LaunchScreen.storyboard; sourceTree = "<group>"; };
		EE4EEBB81E7614B50044FE39 /* Info.plist */ = {isa = PBXFileReference; lastKnownFileType = text.plist.xml; path = Info.plist; sourceTree = "<group>"; };
		EEC34F801E9C763C00954927 /* logViewController.swift */ = {isa = PBXFileReference; fileEncoding = 4; lastKnownFileType = sourcecode.swift; path = logViewController.swift; sourceTree = "<group>"; };
		EEC34F821E9D67D500954927 /* offerViewController.swift */ = {isa = PBXFileReference; fileEncoding = 4; lastKnownFileType = sourcecode.swift; path = offerViewController.swift; sourceTree = "<group>"; };
		EEC34F841E9D67E400954927 /* postViewController.swift */ = {isa = PBXFileReference; fileEncoding = 4; lastKnownFileType = sourcecode.swift; path = postViewController.swift; sourceTree = "<group>"; };
		EEC34F861E9D787800954927 /* OfferTableViewCell.swift */ = {isa = PBXFileReference; fileEncoding = 4; lastKnownFileType = sourcecode.swift; path = OfferTableViewCell.swift; sourceTree = "<group>"; };
		EEC34F881E9D7C4000954927 /* OfferModel.swift */ = {isa = PBXFileReference; fileEncoding = 4; lastKnownFileType = sourcecode.swift; path = OfferModel.swift; sourceTree = "<group>"; };
/* End PBXFileReference section */

/* Begin PBXFrameworksBuildPhase section */
		EE4EEBA61E7614B50044FE39 /* Frameworks */ = {
			isa = PBXFrameworksBuildPhase;
			buildActionMask = 2147483647;
			files = (
				5148AC9E5F26884BB211C435 /* Pods_Pair.framework in Frameworks */,
			);
			runOnlyForDeploymentPostprocessing = 0;
		};
/* End PBXFrameworksBuildPhase section */

/* Begin PBXGroup section */
		8C506E25AA8C9B13549AE1B1 /* Pods */ = {
			isa = PBXGroup;
			children = (
				AB92A5F66FAA8D0B44DF9A32 /* Pods-Pair.debug.xcconfig */,
				D0E93F1CA1F55F5228401C27 /* Pods-Pair.release.xcconfig */,
			);
			name = Pods;
			sourceTree = "<group>";
		};
		A9CB792992F728F646EAB15D /* Frameworks */ = {
			isa = PBXGroup;
			children = (
				35A1A98EFC0D23F0EC43FA47 /* Pods_Pair.framework */,
			);
			name = Frameworks;
			sourceTree = "<group>";
		};
		EE1445C01E8B57D4000C9E51 /* Controllers */ = {
			isa = PBXGroup;
			children = (
				EE1445BE1E8B57BB000C9E51 /* ComposeViewController.swift */,
				EEC34F801E9C763C00954927 /* logViewController.swift */,
				EEC34F821E9D67D500954927 /* offerViewController.swift */,
				EEC34F841E9D67E400954927 /* postViewController.swift */,
			);
			name = Controllers;
			sourceTree = "<group>";
		};
		EE213E801E9AF135003999FC /* Model */ = {
			isa = PBXGroup;
			children = (
				EE213E811E9AF155003999FC /* User.swift */,
				BA4AA9841E9AED55001B1FDB /* JobModel.swift */,
				EEC34F881E9D7C4000954927 /* OfferModel.swift */,
			);
			name = Model;
			sourceTree = "<group>";
		};
		EE213E831E9AFFBF003999FC /* View */ = {
			isa = PBXGroup;
			children = (
				BA4AA9821E99DD1D001B1FDB /* JobsTableViewCell.swift */,
				EEC34F861E9D787800954927 /* OfferTableViewCell.swift */,
			);
			name = View;
			sourceTree = "<group>";
		};
		EE4EEBA01E7614B50044FE39 = {
			isa = PBXGroup;
			children = (
				EE4EEBAB1E7614B50044FE39 /* Pair */,
				EE4EEBAA1E7614B50044FE39 /* Products */,
				8C506E25AA8C9B13549AE1B1 /* Pods */,
				A9CB792992F728F646EAB15D /* Frameworks */,
			);
			sourceTree = "<group>";
		};
		EE4EEBAA1E7614B50044FE39 /* Products */ = {
			isa = PBXGroup;
			children = (
				EE4EEBA91E7614B50044FE39 /* Pair.app */,
			);
			name = Products;
			sourceTree = "<group>";
		};
		EE4EEBAB1E7614B50044FE39 /* Pair */ = {
			isa = PBXGroup;
			children = (
				EE213E831E9AFFBF003999FC /* View */,
				EE213E801E9AF135003999FC /* Model */,
				EE1445C01E8B57D4000C9E51 /* Controllers */,
				EE4EEBAC1E7614B50044FE39 /* AppDelegate.swift */,
				EE4EEBB01E7614B50044FE39 /* Main.storyboard */,
				EE4EEBB31E7614B50044FE39 /* Assets.xcassets */,
				EE4EEBB51E7614B50044FE39 /* LaunchScreen.storyboard */,
				EE213E7E1E9837DC003999FC /* GoogleService-Info.plist */,
				EE4EEBB81E7614B50044FE39 /* Info.plist */,
			);
			path = Pair;
			sourceTree = "<group>";
		};
/* End PBXGroup section */

/* Begin PBXNativeTarget section */
		EE4EEBA81E7614B50044FE39 /* Pair */ = {
			isa = PBXNativeTarget;
			buildConfigurationList = EE4EEBBB1E7614B50044FE39 /* Build configuration list for PBXNativeTarget "Pair" */;
			buildPhases = (
				1655C600C81FE6492330B7EE /* [CP] Check Pods Manifest.lock */,
				EE4EEBA51E7614B50044FE39 /* Sources */,
				EE4EEBA61E7614B50044FE39 /* Frameworks */,
				EE4EEBA71E7614B50044FE39 /* Resources */,
				590E3C61353F6C6F450016DB /* [CP] Embed Pods Frameworks */,
				A6DC7C1A62C34450C006F901 /* [CP] Copy Pods Resources */,
			);
			buildRules = (
			);
			dependencies = (
			);
			name = Pair;
			productName = Pair;
			productReference = EE4EEBA91E7614B50044FE39 /* Pair.app */;
			productType = "com.apple.product-type.application";
		};
/* End PBXNativeTarget section */

/* Begin PBXProject section */
		EE4EEBA11E7614B50044FE39 /* Project object */ = {
			isa = PBXProject;
			attributes = {
				LastSwiftUpdateCheck = 0820;
				LastUpgradeCheck = 0820;
				ORGANIZATIONNAME = Apple;
				TargetAttributes = {
					EE4EEBA81E7614B50044FE39 = {
						CreatedOnToolsVersion = 8.2.1;
						DevelopmentTeam = T24NKQARLL;
						ProvisioningStyle = Automatic;
					};
				};
			};
			buildConfigurationList = EE4EEBA41E7614B50044FE39 /* Build configuration list for PBXProject "Pair" */;
			compatibilityVersion = "Xcode 3.2";
			developmentRegion = English;
			hasScannedForEncodings = 0;
			knownRegions = (
				en,
				Base,
			);
			mainGroup = EE4EEBA01E7614B50044FE39;
			productRefGroup = EE4EEBAA1E7614B50044FE39 /* Products */;
			projectDirPath = "";
			projectRoot = "";
			targets = (
				EE4EEBA81E7614B50044FE39 /* Pair */,
			);
		};
/* End PBXProject section */

/* Begin PBXResourcesBuildPhase section */
		EE4EEBA71E7614B50044FE39 /* Resources */ = {
			isa = PBXResourcesBuildPhase;
			buildActionMask = 2147483647;
			files = (
				EE213E7F1E9837DC003999FC /* GoogleService-Info.plist in Resources */,
				EE4EEBB71E7614B50044FE39 /* LaunchScreen.storyboard in Resources */,
				EE4EEBB41E7614B50044FE39 /* Assets.xcassets in Resources */,
				EE4EEBB21E7614B50044FE39 /* Main.storyboard in Resources */,
			);
			runOnlyForDeploymentPostprocessing = 0;
		};
/* End PBXResourcesBuildPhase section */

/* Begin PBXShellScriptBuildPhase section */
		1655C600C81FE6492330B7EE /* [CP] Check Pods Manifest.lock */ = {
			isa = PBXShellScriptBuildPhase;
			buildActionMask = 2147483647;
			files = (
			);
			inputPaths = (
			);
			name = "[CP] Check Pods Manifest.lock";
			outputPaths = (
			);
			runOnlyForDeploymentPostprocessing = 0;
			shellPath = /bin/sh;
			shellScript = "diff \"${PODS_ROOT}/../Podfile.lock\" \"${PODS_ROOT}/Manifest.lock\" > /dev/null\nif [ $? != 0 ] ; then\n    # print error to STDERR\n    echo \"error: The sandbox is not in sync with the Podfile.lock. Run 'pod install' or update your CocoaPods installation.\" >&2\n    exit 1\nfi\n";
			showEnvVarsInLog = 0;
		};
		590E3C61353F6C6F450016DB /* [CP] Embed Pods Frameworks */ = {
			isa = PBXShellScriptBuildPhase;
			buildActionMask = 2147483647;
			files = (
			);
			inputPaths = (
			);
			name = "[CP] Embed Pods Frameworks";
			outputPaths = (
			);
			runOnlyForDeploymentPostprocessing = 0;
			shellPath = /bin/sh;
			shellScript = "\"${SRCROOT}/Pods/Target Support Files/Pods-Pair/Pods-Pair-frameworks.sh\"\n";
			showEnvVarsInLog = 0;
		};
		A6DC7C1A62C34450C006F901 /* [CP] Copy Pods Resources */ = {
			isa = PBXShellScriptBuildPhase;
			buildActionMask = 2147483647;
			files = (
			);
			inputPaths = (
			);
			name = "[CP] Copy Pods Resources";
			outputPaths = (
			);
			runOnlyForDeploymentPostprocessing = 0;
			shellPath = /bin/sh;
			shellScript = "\"${SRCROOT}/Pods/Target Support Files/Pods-Pair/Pods-Pair-resources.sh\"\n";
			showEnvVarsInLog = 0;
		};
/* End PBXShellScriptBuildPhase section */

/* Begin PBXSourcesBuildPhase section */
		EE4EEBA51E7614B50044FE39 /* Sources */ = {
			isa = PBXSourcesBuildPhase;
			buildActionMask = 2147483647;
			files = (
				EE4EEBAD1E7614B50044FE39 /* AppDelegate.swift in Sources */,
				BA4AA9831E99DD1D001B1FDB /* JobsTableViewCell.swift in Sources */,
				EEC34F811E9C763C00954927 /* logViewController.swift in Sources */,
				EEC34F891E9D7C4000954927 /* OfferModel.swift in Sources */,
				EE1445BF1E8B57BB000C9E51 /* ComposeViewController.swift in Sources */,
				EE213E821E9AF155003999FC /* User.swift in Sources */,
				EEC34F851E9D67E400954927 /* postViewController.swift in Sources */,
				EEC34F871E9D787800954927 /* OfferTableViewCell.swift in Sources */,
				EEC34F831E9D67D500954927 /* offerViewController.swift in Sources */,
				BA4AA9851E9AED55001B1FDB /* JobModel.swift in Sources */,
			);
			runOnlyForDeploymentPostprocessing = 0;
		};
/* End PBXSourcesBuildPhase section */

/* Begin PBXVariantGroup section */
		EE4EEBB01E7614B50044FE39 /* Main.storyboard */ = {
			isa = PBXVariantGroup;
			children = (
				EE4EEBB11E7614B50044FE39 /* Base */,
			);
			name = Main.storyboard;
			sourceTree = "<group>";
		};
		EE4EEBB51E7614B50044FE39 /* LaunchScreen.storyboard */ = {
			isa = PBXVariantGroup;
			children = (
				EE4EEBB61E7614B50044FE39 /* Base */,
			);
			name = LaunchScreen.storyboard;
			sourceTree = "<group>";
		};
/* End PBXVariantGroup section */

/* Begin XCBuildConfiguration section */
		EE4EEBB91E7614B50044FE39 /* Debug */ = {
			isa = XCBuildConfiguration;
			buildSettings = {
				ALWAYS_SEARCH_USER_PATHS = NO;
				CLANG_ANALYZER_NONNULL = YES;
				CLANG_CXX_LANGUAGE_STANDARD = "gnu++0x";
				CLANG_CXX_LIBRARY = "libc++";
				CLANG_ENABLE_MODULES = YES;
				CLANG_ENABLE_OBJC_ARC = YES;
				CLANG_WARN_BOOL_CONVERSION = YES;
				CLANG_WARN_CONSTANT_CONVERSION = YES;
				CLANG_WARN_DIRECT_OBJC_ISA_USAGE = YES_ERROR;
				CLANG_WARN_DOCUMENTATION_COMMENTS = YES;
				CLANG_WARN_EMPTY_BODY = YES;
				CLANG_WARN_ENUM_CONVERSION = YES;
				CLANG_WARN_INFINITE_RECURSION = YES;
				CLANG_WARN_INT_CONVERSION = YES;
				CLANG_WARN_OBJC_ROOT_CLASS = YES_ERROR;
				CLANG_WARN_SUSPICIOUS_MOVE = YES;
				CLANG_WARN_UNREACHABLE_CODE = YES;
				CLANG_WARN__DUPLICATE_METHOD_MATCH = YES;
				"CODE_SIGN_IDENTITY[sdk=iphoneos*]" = "iPhone Developer";
				COPY_PHASE_STRIP = NO;
				DEBUG_INFORMATION_FORMAT = dwarf;
				ENABLE_STRICT_OBJC_MSGSEND = YES;
				ENABLE_TESTABILITY = YES;
				GCC_C_LANGUAGE_STANDARD = gnu99;
				GCC_DYNAMIC_NO_PIC = NO;
				GCC_NO_COMMON_BLOCKS = YES;
				GCC_OPTIMIZATION_LEVEL = 0;
				GCC_PREPROCESSOR_DEFINITIONS = (
					"DEBUG=1",
					"$(inherited)",
				);
				GCC_WARN_64_TO_32_BIT_CONVERSION = YES;
				GCC_WARN_ABOUT_RETURN_TYPE = YES_ERROR;
				GCC_WARN_UNDECLARED_SELECTOR = YES;
				GCC_WARN_UNINITIALIZED_AUTOS = YES_AGGRESSIVE;
				GCC_WARN_UNUSED_FUNCTION = YES;
				GCC_WARN_UNUSED_VARIABLE = YES;
				IPHONEOS_DEPLOYMENT_TARGET = 10.2;
				MTL_ENABLE_DEBUG_INFO = YES;
				ONLY_ACTIVE_ARCH = YES;
				SDKROOT = iphoneos;
				SWIFT_ACTIVE_COMPILATION_CONDITIONS = DEBUG;
				SWIFT_OPTIMIZATION_LEVEL = "-Onone";
			};
			name = Debug;
		};
		EE4EEBBA1E7614B50044FE39 /* Release */ = {
			isa = XCBuildConfiguration;
			buildSettings = {
				ALWAYS_SEARCH_USER_PATHS = NO;
				CLANG_ANALYZER_NONNULL = YES;
				CLANG_CXX_LANGUAGE_STANDARD = "gnu++0x";
				CLANG_CXX_LIBRARY = "libc++";
				CLANG_ENABLE_MODULES = YES;
				CLANG_ENABLE_OBJC_ARC = YES;
				CLANG_WARN_BOOL_CONVERSION = YES;
				CLANG_WARN_CONSTANT_CONVERSION = YES;
				CLANG_WARN_DIRECT_OBJC_ISA_USAGE = YES_ERROR;
				CLANG_WARN_DOCUMENTATION_COMMENTS = YES;
				CLANG_WARN_EMPTY_BODY = YES;
				CLANG_WARN_ENUM_CONVERSION = YES;
				CLANG_WARN_INFINITE_RECURSION = YES;
				CLANG_WARN_INT_CONVERSION = YES;
				CLANG_WARN_OBJC_ROOT_CLASS = YES_ERROR;
				CLANG_WARN_SUSPICIOUS_MOVE = YES;
				CLANG_WARN_UNREACHABLE_CODE = YES;
				CLANG_WARN__DUPLICATE_METHOD_MATCH = YES;
				"CODE_SIGN_IDENTITY[sdk=iphoneos*]" = "iPhone Developer";
				COPY_PHASE_STRIP = NO;
				DEBUG_INFORMATION_FORMAT = "dwarf-with-dsym";
				ENABLE_NS_ASSERTIONS = NO;
				ENABLE_STRICT_OBJC_MSGSEND = YES;
				GCC_C_LANGUAGE_STANDARD = gnu99;
				GCC_NO_COMMON_BLOCKS = YES;
				GCC_WARN_64_TO_32_BIT_CONVERSION = YES;
				GCC_WARN_ABOUT_RETURN_TYPE = YES_ERROR;
				GCC_WARN_UNDECLARED_SELECTOR = YES;
				GCC_WARN_UNINITIALIZED_AUTOS = YES_AGGRESSIVE;
				GCC_WARN_UNUSED_FUNCTION = YES;
				GCC_WARN_UNUSED_VARIABLE = YES;
				IPHONEOS_DEPLOYMENT_TARGET = 10.2;
				MTL_ENABLE_DEBUG_INFO = NO;
				SDKROOT = iphoneos;
				SWIFT_OPTIMIZATION_LEVEL = "-Owholemodule";
				VALIDATE_PRODUCT = YES;
			};
			name = Release;
		};
		EE4EEBBC1E7614B50044FE39 /* Debug */ = {
			isa = XCBuildConfiguration;
			baseConfigurationReference = AB92A5F66FAA8D0B44DF9A32 /* Pods-Pair.debug.xcconfig */;
			buildSettings = {
				ASSETCATALOG_COMPILER_APPICON_NAME = AppIcon;
				DEVELOPMENT_TEAM = T24NKQARLL;
				INFOPLIST_FILE = Pair/Info.plist;
				IPHONEOS_DEPLOYMENT_TARGET = 10.0;
				LD_RUNPATH_SEARCH_PATHS = "$(inherited) @executable_path/Frameworks";
				PRODUCT_BUNDLE_IDENTIFIER = com.MAC.Pair;
				PRODUCT_NAME = "$(TARGET_NAME)";
				SWIFT_VERSION = 3.0;
				TARGETED_DEVICE_FAMILY = 1;
			};
			name = Debug;
		};
		EE4EEBBD1E7614B50044FE39 /* Release */ = {
			isa = XCBuildConfiguration;
			baseConfigurationReference = D0E93F1CA1F55F5228401C27 /* Pods-Pair.release.xcconfig */;
			buildSettings = {
				ASSETCATALOG_COMPILER_APPICON_NAME = AppIcon;
				DEVELOPMENT_TEAM = T24NKQARLL;
				INFOPLIST_FILE = Pair/Info.plist;
				IPHONEOS_DEPLOYMENT_TARGET = 10.0;
				LD_RUNPATH_SEARCH_PATHS = "$(inherited) @executable_path/Frameworks";
				PRODUCT_BUNDLE_IDENTIFIER = com.MAC.Pair;
				PRODUCT_NAME = "$(TARGET_NAME)";
				SWIFT_VERSION = 3.0;
				TARGETED_DEVICE_FAMILY = 1;
			};
			name = Release;
		};
/* End XCBuildConfiguration section */

/* Begin XCConfigurationList section */
		EE4EEBA41E7614B50044FE39 /* Build configuration list for PBXProject "Pair" */ = {
			isa = XCConfigurationList;
			buildConfigurations = (
				EE4EEBB91E7614B50044FE39 /* Debug */,
				EE4EEBBA1E7614B50044FE39 /* Release */,
			);
			defaultConfigurationIsVisible = 0;
			defaultConfigurationName = Release;
		};
		EE4EEBBB1E7614B50044FE39 /* Build configuration list for PBXNativeTarget "Pair" */ = {
			isa = XCConfigurationList;
			buildConfigurations = (
				EE4EEBBC1E7614B50044FE39 /* Debug */,
				EE4EEBBD1E7614B50044FE39 /* Release */,
			);
			defaultConfigurationIsVisible = 0;
			defaultConfigurationName = Release;
		};
/* End XCConfigurationList section */
	};
	rootObject = EE4EEBA11E7614B50044FE39 /* Project object */;
}
